// !$*UTF8*$!
{
	archiveVersion = 1;
	classes = {
	};
	objectVersion = 46;
	objects = {

/* Begin PBXBuildFile section */
		518EA6811E3BD3A40072A87F /* AppDelegate.swift in Sources */ = {isa = PBXBuildFile; fileRef = 518EA6801E3BD3A40072A87F /* AppDelegate.swift */; };
		518EA6831E3BD3A40072A87F /* MasterViewController.swift in Sources */ = {isa = PBXBuildFile; fileRef = 518EA6821E3BD3A40072A87F /* MasterViewController.swift */; };
		518EA6851E3BD3A40072A87F /* DetailViewController.swift in Sources */ = {isa = PBXBuildFile; fileRef = 518EA6841E3BD3A40072A87F /* DetailViewController.swift */; };
		518EA6881E3BD3A40072A87F /* Main.storyboard in Resources */ = {isa = PBXBuildFile; fileRef = 518EA6861E3BD3A40072A87F /* Main.storyboard */; };
		518EA68A1E3BD3A40072A87F /* Assets.xcassets in Resources */ = {isa = PBXBuildFile; fileRef = 518EA6891E3BD3A40072A87F /* Assets.xcassets */; };
		518EA68D1E3BD3A40072A87F /* LaunchScreen.storyboard in Resources */ = {isa = PBXBuildFile; fileRef = 518EA68B1E3BD3A40072A87F /* LaunchScreen.storyboard */; };
		518EA6981E3BD3A40072A87F /* ShiparooTests.swift in Sources */ = {isa = PBXBuildFile; fileRef = 518EA6971E3BD3A40072A87F /* ShiparooTests.swift */; };
		518EA6A31E3BD3A40072A87F /* ShiparooUITests.swift in Sources */ = {isa = PBXBuildFile; fileRef = 518EA6A21E3BD3A40072A87F /* ShiparooUITests.swift */; };
/* End PBXBuildFile section */

/* Begin PBXContainerItemProxy section */
		518EA6941E3BD3A40072A87F /* PBXContainerItemProxy */ = {
			isa = PBXContainerItemProxy;
			containerPortal = 518EA6751E3BD3A40072A87F /* Project object */;
			proxyType = 1;
			remoteGlobalIDString = 518EA67C1E3BD3A40072A87F;
			remoteInfo = Shiparoo;
		};
		518EA69F1E3BD3A40072A87F /* PBXContainerItemProxy */ = {
			isa = PBXContainerItemProxy;
			containerPortal = 518EA6751E3BD3A40072A87F /* Project object */;
			proxyType = 1;
			remoteGlobalIDString = 518EA67C1E3BD3A40072A87F;
			remoteInfo = Shiparoo;
		};
/* End PBXContainerItemProxy section */

/* Begin PBXFileReference section */
		518EA67D1E3BD3A40072A87F /* Shiparoo.app */ = {isa = PBXFileReference; explicitFileType = wrapper.application; includeInIndex = 0; path = Shiparoo.app; sourceTree = BUILT_PRODUCTS_DIR; };
		518EA6801E3BD3A40072A87F /* AppDelegate.swift */ = {isa = PBXFileReference; lastKnownFileType = sourcecode.swift; path = AppDelegate.swift; sourceTree = "<group>"; };
		518EA6821E3BD3A40072A87F /* MasterViewController.swift */ = {isa = PBXFileReference; lastKnownFileType = sourcecode.swift; path = MasterViewController.swift; sourceTree = "<group>"; };
		518EA6841E3BD3A40072A87F /* DetailViewController.swift */ = {isa = PBXFileReference; lastKnownFileType = sourcecode.swift; path = DetailViewController.swift; sourceTree = "<group>"; };
		518EA6871E3BD3A40072A87F /* Base */ = {isa = PBXFileReference; lastKnownFileType = file.storyboard; name = Base; path = Base.lproj/Main.storyboard; sourceTree = "<group>"; };
		518EA6891E3BD3A40072A87F /* Assets.xcassets */ = {isa = PBXFileReference; lastKnownFileType = folder.assetcatalog; path = Assets.xcassets; sourceTree = "<group>"; };
		518EA68C1E3BD3A40072A87F /* Base */ = {isa = PBXFileReference; lastKnownFileType = file.storyboard; name = Base; path = Base.lproj/LaunchScreen.storyboard; sourceTree = "<group>"; };
		518EA68E1E3BD3A40072A87F /* Info.plist */ = {isa = PBXFileReference; lastKnownFileType = text.plist.xml; path = Info.plist; sourceTree = "<group>"; };
		518EA6931E3BD3A40072A87F /* ShiparooTests.xctest */ = {isa = PBXFileReference; explicitFileType = wrapper.cfbundle; includeInIndex = 0; path = ShiparooTests.xctest; sourceTree = BUILT_PRODUCTS_DIR; };
		518EA6971E3BD3A40072A87F /* ShiparooTests.swift */ = {isa = PBXFileReference; lastKnownFileType = sourcecode.swift; path = ShiparooTests.swift; sourceTree = "<group>"; };
		518EA6991E3BD3A40072A87F /* Info.plist */ = {isa = PBXFileReference; lastKnownFileType = text.plist.xml; path = Info.plist; sourceTree = "<group>"; };
		518EA69E1E3BD3A40072A87F /* ShiparooUITests.xctest */ = {isa = PBXFileReference; explicitFileType = wrapper.cfbundle; includeInIndex = 0; path = ShiparooUITests.xctest; sourceTree = BUILT_PRODUCTS_DIR; };
		518EA6A21E3BD3A40072A87F /* ShiparooUITests.swift */ = {isa = PBXFileReference; lastKnownFileType = sourcecode.swift; path = ShiparooUITests.swift; sourceTree = "<group>"; };
		518EA6A41E3BD3A40072A87F /* Info.plist */ = {isa = PBXFileReference; lastKnownFileType = text.plist.xml; path = Info.plist; sourceTree = "<group>"; };
/* End PBXFileReference section */

/* Begin PBXFrameworksBuildPhase section */
		518EA67A1E3BD3A40072A87F /* Frameworks */ = {
			isa = PBXFrameworksBuildPhase;
			buildActionMask = 2147483647;
			files = (
			);
			runOnlyForDeploymentPostprocessing = 0;
		};
		518EA6901E3BD3A40072A87F /* Frameworks */ = {
			isa = PBXFrameworksBuildPhase;
			buildActionMask = 2147483647;
			files = (
			);
			runOnlyForDeploymentPostprocessing = 0;
		};
		518EA69B1E3BD3A40072A87F /* Frameworks */ = {
			isa = PBXFrameworksBuildPhase;
			buildActionMask = 2147483647;
			files = (
			);
			runOnlyForDeploymentPostprocessing = 0;
		};
/* End PBXFrameworksBuildPhase section */

/* Begin PBXGroup section */
		518EA6741E3BD3A40072A87F = {
			isa = PBXGroup;
			children = (
				518EA67F1E3BD3A40072A87F /* Shiparoo */,
				518EA6961E3BD3A40072A87F /* ShiparooTests */,
				518EA6A11E3BD3A40072A87F /* ShiparooUITests */,
				518EA67E1E3BD3A40072A87F /* Products */,
			);
			sourceTree = "<group>";
		};
		518EA67E1E3BD3A40072A87F /* Products */ = {
			isa = PBXGroup;
			children = (
				518EA67D1E3BD3A40072A87F /* Shiparoo.app */,
				518EA6931E3BD3A40072A87F /* ShiparooTests.xctest */,
				518EA69E1E3BD3A40072A87F /* ShiparooUITests.xctest */,
			);
			name = Products;
			sourceTree = "<group>";
		};
		518EA67F1E3BD3A40072A87F /* Shiparoo */ = {
			isa = PBXGroup;
			children = (
				518EA6801E3BD3A40072A87F /* AppDelegate.swift */,
				518EA6821E3BD3A40072A87F /* MasterViewController.swift */,
				518EA6841E3BD3A40072A87F /* DetailViewController.swift */,
				518EA6861E3BD3A40072A87F /* Main.storyboard */,
				518EA6891E3BD3A40072A87F /* Assets.xcassets */,
				518EA68B1E3BD3A40072A87F /* LaunchScreen.storyboard */,
				518EA68E1E3BD3A40072A87F /* Info.plist */,
			);
			path = Shiparoo;
			sourceTree = "<group>";
		};
		518EA6961E3BD3A40072A87F /* ShiparooTests */ = {
			isa = PBXGroup;
			children = (
				518EA6971E3BD3A40072A87F /* ShiparooTests.swift */,
				518EA6991E3BD3A40072A87F /* Info.plist */,
			);
			path = ShiparooTests;
			sourceTree = "<group>";
		};
		518EA6A11E3BD3A40072A87F /* ShiparooUITests */ = {
			isa = PBXGroup;
			children = (
				518EA6A21E3BD3A40072A87F /* ShiparooUITests.swift */,
				518EA6A41E3BD3A40072A87F /* Info.plist */,
			);
			path = ShiparooUITests;
			sourceTree = "<group>";
		};
/* End PBXGroup section */

/* Begin PBXNativeTarget section */
		518EA67C1E3BD3A40072A87F /* Shiparoo */ = {
			isa = PBXNativeTarget;
			buildConfigurationList = 518EA6A71E3BD3A40072A87F /* Build configuration list for PBXNativeTarget "Shiparoo" */;
			buildPhases = (
				518EA6791E3BD3A40072A87F /* Sources */,
				518EA67A1E3BD3A40072A87F /* Frameworks */,
				518EA67B1E3BD3A40072A87F /* Resources */,
			);
			buildRules = (
			);
			dependencies = (
			);
			name = Shiparoo;
			productName = Shiparoo;
			productReference = 518EA67D1E3BD3A40072A87F /* Shiparoo.app */;
			productType = "com.apple.product-type.application";
		};
		518EA6921E3BD3A40072A87F /* ShiparooTests */ = {
			isa = PBXNativeTarget;
			buildConfigurationList = 518EA6AA1E3BD3A40072A87F /* Build configuration list for PBXNativeTarget "ShiparooTests" */;
			buildPhases = (
				518EA68F1E3BD3A40072A87F /* Sources */,
				518EA6901E3BD3A40072A87F /* Frameworks */,
				518EA6911E3BD3A40072A87F /* Resources */,
			);
			buildRules = (
			);
			dependencies = (
				518EA6951E3BD3A40072A87F /* PBXTargetDependency */,
			);
			name = ShiparooTests;
			productName = ShiparooTests;
			productReference = 518EA6931E3BD3A40072A87F /* ShiparooTests.xctest */;
			productType = "com.apple.product-type.bundle.unit-test";
		};
		518EA69D1E3BD3A40072A87F /* ShiparooUITests */ = {
			isa = PBXNativeTarget;
			buildConfigurationList = 518EA6AD1E3BD3A40072A87F /* Build configuration list for PBXNativeTarget "ShiparooUITests" */;
			buildPhases = (
				518EA69A1E3BD3A40072A87F /* Sources */,
				518EA69B1E3BD3A40072A87F /* Frameworks */,
				518EA69C1E3BD3A40072A87F /* Resources */,
			);
			buildRules = (
			);
			dependencies = (
				518EA6A01E3BD3A40072A87F /* PBXTargetDependency */,
			);
			name = ShiparooUITests;
			productName = ShiparooUITests;
			productReference = 518EA69E1E3BD3A40072A87F /* ShiparooUITests.xctest */;
			productType = "com.apple.product-type.bundle.ui-testing";
		};
/* End PBXNativeTarget section */

/* Begin PBXProject section */
		518EA6751E3BD3A40072A87F /* Project object */ = {
			isa = PBXProject;
			attributes = {
				LastSwiftUpdateCheck = 0730;
				LastUpgradeCheck = 0730;
				ORGANIZATIONNAME = "Justin Suen";
				TargetAttributes = {
					518EA67C1E3BD3A40072A87F = {
						CreatedOnToolsVersion = 7.3;
					};
					518EA6921E3BD3A40072A87F = {
						CreatedOnToolsVersion = 7.3;
						TestTargetID = 518EA67C1E3BD3A40072A87F;
					};
					518EA69D1E3BD3A40072A87F = {
						CreatedOnToolsVersion = 7.3;
						TestTargetID = 518EA67C1E3BD3A40072A87F;
					};
				};
			};
			buildConfigurationList = 518EA6781E3BD3A40072A87F /* Build configuration list for PBXProject "Shiparoo" */;
			compatibilityVersion = "Xcode 3.2";
			developmentRegion = English;
			hasScannedForEncodings = 0;
			knownRegions = (
				en,
				Base,
			);
			mainGroup = 518EA6741E3BD3A40072A87F;
			productRefGroup = 518EA67E1E3BD3A40072A87F /* Products */;
			projectDirPath = "";
			projectRoot = "";
			targets = (
				518EA67C1E3BD3A40072A87F /* Shiparoo */,
				518EA6921E3BD3A40072A87F /* ShiparooTests */,
				518EA69D1E3BD3A40072A87F /* ShiparooUITests */,
			);
		};
/* End PBXProject section */

/* Begin PBXResourcesBuildPhase section */
		518EA67B1E3BD3A40072A87F /* Resources */ = {
			isa = PBXResourcesBuildPhase;
			buildActionMask = 2147483647;
			files = (
				518EA68D1E3BD3A40072A87F /* LaunchScreen.storyboard in Resources */,
				518EA68A1E3BD3A40072A87F /* Assets.xcassets in Resources */,
				518EA6881E3BD3A40072A87F /* Main.storyboard in Resources */,
			);
			runOnlyForDeploymentPostprocessing = 0;
		};
		518EA6911E3BD3A40072A87F /* Resources */ = {
			isa = PBXResourcesBuildPhase;
			buildActionMask = 2147483647;
			files = (
			);
			runOnlyForDeploymentPostprocessing = 0;
		};
		518EA69C1E3BD3A40072A87F /* Resources */ = {
			isa = PBXResourcesBuildPhase;
			buildActionMask = 2147483647;
			files = (
			);
			runOnlyForDeploymentPostprocessing = 0;
		};
/* End PBXResourcesBuildPhase section */

/* Begin PBXSourcesBuildPhase section */
		518EA6791E3BD3A40072A87F /* Sources */ = {
			isa = PBXSourcesBuildPhase;
			buildActionMask = 2147483647;
			files = (
				518EA6851E3BD3A40072A87F /* DetailViewController.swift in Sources */,
				518EA6831E3BD3A40072A87F /* MasterViewController.swift in Sources */,
				518EA6811E3BD3A40072A87F /* AppDelegate.swift in Sources */,
			);
			runOnlyForDeploymentPostprocessing = 0;
		};
		518EA68F1E3BD3A40072A87F /* Sources */ = {
			isa = PBXSourcesBuildPhase;
			buildActionMask = 2147483647;
			files = (
				518EA6981E3BD3A40072A87F /* ShiparooTests.swift in Sources */,
			);
			runOnlyForDeploymentPostprocessing = 0;
		};
		518EA69A1E3BD3A40072A87F /* Sources */ = {
			isa = PBXSourcesBuildPhase;
			buildActionMask = 2147483647;
			files = (
				518EA6A31E3BD3A40072A87F /* ShiparooUITests.swift in Sources */,
			);
			runOnlyForDeploymentPostprocessing = 0;
		};
/* End PBXSourcesBuildPhase section */

/* Begin PBXTargetDependency section */
		518EA6951E3BD3A40072A87F /* PBXTargetDependency */ = {
			isa = PBXTargetDependency;
			target = 518EA67C1E3BD3A40072A87F /* Shiparoo */;
			targetProxy = 518EA6941E3BD3A40072A87F /* PBXContainerItemProxy */;
		};
		518EA6A01E3BD3A40072A87F /* PBXTargetDependency */ = {
			isa = PBXTargetDependency;
			target = 518EA67C1E3BD3A40072A87F /* Shiparoo */;
			targetProxy = 518EA69F1E3BD3A40072A87F /* PBXContainerItemProxy */;
		};
/* End PBXTargetDependency section */

/* Begin PBXVariantGroup section */
		518EA6861E3BD3A40072A87F /* Main.storyboard */ = {
			isa = PBXVariantGroup;
			children = (
				518EA6871E3BD3A40072A87F /* Base */,
			);
			name = Main.storyboard;
			sourceTree = "<group>";
		};
		518EA68B1E3BD3A40072A87F /* LaunchScreen.storyboard */ = {
			isa = PBXVariantGroup;
			children = (
				518EA68C1E3BD3A40072A87F /* Base */,
			);
			name = LaunchScreen.storyboard;
			sourceTree = "<group>";
		};
/* End PBXVariantGroup section */

/* Begin XCBuildConfiguration section */
		518EA6A51E3BD3A40072A87F /* Debug */ = {
			isa = XCBuildConfiguration;
			buildSettings = {
				ALWAYS_SEARCH_USER_PATHS = NO;
				CLANG_ANALYZER_NONNULL = YES;
				CLANG_CXX_LANGUAGE_STANDARD = "gnu++0x";
				CLANG_CXX_LIBRARY = "libc++";
				CLANG_ENABLE_MODULES = YES;
				CLANG_ENABLE_OBJC_ARC = YES;
				CLANG_WARN_BOOL_CONVERSION = YES;
				CLANG_WARN_CONSTANT_CONVERSION = YES;
				CLANG_WARN_DIRECT_OBJC_ISA_USAGE = YES_ERROR;
				CLANG_WARN_EMPTY_BODY = YES;
				CLANG_WARN_ENUM_CONVERSION = YES;
				CLANG_WARN_INT_CONVERSION = YES;
				CLANG_WARN_OBJC_ROOT_CLASS = YES_ERROR;
				CLANG_WARN_UNREACHABLE_CODE = YES;
				CLANG_WARN__DUPLICATE_METHOD_MATCH = YES;
				"CODE_SIGN_IDENTITY[sdk=iphoneos*]" = "iPhone Developer";
				COPY_PHASE_STRIP = NO;
				DEBUG_INFORMATION_FORMAT = dwarf;
				ENABLE_STRICT_OBJC_MSGSEND = YES;
				ENABLE_TESTABILITY = YES;
				GCC_C_LANGUAGE_STANDARD = gnu99;
				GCC_DYNAMIC_NO_PIC = NO;
				GCC_NO_COMMON_BLOCKS = YES;
				GCC_OPTIMIZATION_LEVEL = 0;
				GCC_PREPROCESSOR_DEFINITIONS = (
					"DEBUG=1",
					"$(inherited)",
				);
				GCC_WARN_64_TO_32_BIT_CONVERSION = YES;
				GCC_WARN_ABOUT_RETURN_TYPE = YES_ERROR;
				GCC_WARN_UNDECLARED_SELECTOR = YES;
				GCC_WARN_UNINITIALIZED_AUTOS = YES_AGGRESSIVE;
				GCC_WARN_UNUSED_FUNCTION = YES;
				GCC_WARN_UNUSED_VARIABLE = YES;
				IPHONEOS_DEPLOYMENT_TARGET = 9.3;
				MTL_ENABLE_DEBUG_INFO = YES;
				ONLY_ACTIVE_ARCH = YES;
				SDKROOT = iphoneos;
				SWIFT_OPTIMIZATION_LEVEL = "-Onone";
				TARGETED_DEVICE_FAMILY = "1,2";
			};
			name = Debug;
		};
		518EA6A61E3BD3A40072A87F /* Release */ = {
			isa = XCBuildConfiguration;
			buildSettings = {
				ALWAYS_SEARCH_USER_PATHS = NO;
				CLANG_ANALYZER_NONNULL = YES;
				CLANG_CXX_LANGUAGE_STANDARD = "gnu++0x";
				CLANG_CXX_LIBRARY = "libc++";
				CLANG_ENABLE_MODULES = YES;
				CLANG_ENABLE_OBJC_ARC = YES;
				CLANG_WARN_BOOL_CONVERSION = YES;
				CLANG_WARN_CONSTANT_CONVERSION = YES;
				CLANG_WARN_DIRECT_OBJC_ISA_USAGE = YES_ERROR;
				CLANG_WARN_EMPTY_BODY = YES;
				CLANG_WARN_ENUM_CONVERSION = YES;
				CLANG_WARN_INT_CONVERSION = YES;
				CLANG_WARN_OBJC_ROOT_CLASS = YES_ERROR;
				CLANG_WARN_UNREACHABLE_CODE = YES;
				CLANG_WARN__DUPLICATE_METHOD_MATCH = YES;
				"CODE_SIGN_IDENTITY[sdk=iphoneos*]" = "iPhone Developer";
				COPY_PHASE_STRIP = NO;
				DEBUG_INFORMATION_FORMAT = "dwarf-with-dsym";
				ENABLE_NS_ASSERTIONS = NO;
				ENABLE_STRICT_OBJC_MSGSEND = YES;
				GCC_C_LANGUAGE_STANDARD = gnu99;
				GCC_NO_COMMON_BLOCKS = YES;
				GCC_WARN_64_TO_32_BIT_CONVERSION = YES;
				GCC_WARN_ABOUT_RETURN_TYPE = YES_ERROR;
				GCC_WARN_UNDECLARED_SELECTOR = YES;
				GCC_WARN_UNINITIALIZED_AUTOS = YES_AGGRESSIVE;
				GCC_WARN_UNUSED_FUNCTION = YES;
				GCC_WARN_UNUSED_VARIABLE = YES;
				IPHONEOS_DEPLOYMENT_TARGET = 9.3;
				MTL_ENABLE_DEBUG_INFO = NO;
				SDKROOT = iphoneos;
				TARGETED_DEVICE_FAMILY = "1,2";
				VALIDATE_PRODUCT = YES;
			};
			name = Release;
		};
		518EA6A81E3BD3A40072A87F /* Debug */ = {
			isa = XCBuildConfiguration;
			buildSettings = {
				ASSETCATALOG_COMPILER_APPICON_NAME = AppIcon;
				INFOPLIST_FILE = Shiparoo/Info.plist;
				LD_RUNPATH_SEARCH_PATHS = "$(inherited) @executable_path/Frameworks";
				PRODUCT_BUNDLE_IDENTIFIER = com.justinsuen.Shiparoo;
				PRODUCT_NAME = "$(TARGET_NAME)";
			};
			name = Debug;
		};
		518EA6A91E3BD3A40072A87F /* Release */ = {
			isa = XCBuildConfiguration;
			buildSettings = {
				ASSETCATALOG_COMPILER_APPICON_NAME = AppIcon;
				INFOPLIST_FILE = Shiparoo/Info.plist;
				LD_RUNPATH_SEARCH_PATHS = "$(inherited) @executable_path/Frameworks";
				PRODUCT_BUNDLE_IDENTIFIER = com.justinsuen.Shiparoo;
				PRODUCT_NAME = "$(TARGET_NAME)";
			};
			name = Release;
		};
		518EA6AB1E3BD3A40072A87F /* Debug */ = {
			isa = XCBuildConfiguration;
			buildSettings = {
				BUNDLE_LOADER = "$(TEST_HOST)";
				INFOPLIST_FILE = ShiparooTests/Info.plist;
				LD_RUNPATH_SEARCH_PATHS = "$(inherited) @executable_path/Frameworks @loader_path/Frameworks";
				PRODUCT_BUNDLE_IDENTIFIER = com.justinsuen.ShiparooTests;
				PRODUCT_NAME = "$(TARGET_NAME)";
				TEST_HOST = "$(BUILT_PRODUCTS_DIR)/Shiparoo.app/Shiparoo";
			};
			name = Debug;
		};
		518EA6AC1E3BD3A40072A87F /* Release */ = {
			isa = XCBuildConfiguration;
			buildSettings = {
				BUNDLE_LOADER = "$(TEST_HOST)";
				INFOPLIST_FILE = ShiparooTests/Info.plist;
				LD_RUNPATH_SEARCH_PATHS = "$(inherited) @executable_path/Frameworks @loader_path/Frameworks";
				PRODUCT_BUNDLE_IDENTIFIER = com.justinsuen.ShiparooTests;
				PRODUCT_NAME = "$(TARGET_NAME)";
				TEST_HOST = "$(BUILT_PRODUCTS_DIR)/Shiparoo.app/Shiparoo";
			};
			name = Release;
		};
		518EA6AE1E3BD3A40072A87F /* Debug */ = {
			isa = XCBuildConfiguration;
			buildSettings = {
				INFOPLIST_FILE = ShiparooUITests/Info.plist;
				LD_RUNPATH_SEARCH_PATHS = "$(inherited) @executable_path/Frameworks @loader_path/Frameworks";
				PRODUCT_BUNDLE_IDENTIFIER = com.justinsuen.ShiparooUITests;
				PRODUCT_NAME = "$(TARGET_NAME)";
				TEST_TARGET_NAME = Shiparoo;
			};
			name = Debug;
		};
		518EA6AF1E3BD3A40072A87F /* Release */ = {
			isa = XCBuildConfiguration;
			buildSettings = {
				INFOPLIST_FILE = ShiparooUITests/Info.plist;
				LD_RUNPATH_SEARCH_PATHS = "$(inherited) @executable_path/Frameworks @loader_path/Frameworks";
				PRODUCT_BUNDLE_IDENTIFIER = com.justinsuen.ShiparooUITests;
				PRODUCT_NAME = "$(TARGET_NAME)";
				TEST_TARGET_NAME = Shiparoo;
			};
			name = Release;
		};
/* End XCBuildConfiguration section */

/* Begin XCConfigurationList section */
		518EA6781E3BD3A40072A87F /* Build configuration list for PBXProject "Shiparoo" */ = {
			isa = XCConfigurationList;
			buildConfigurations = (
				518EA6A51E3BD3A40072A87F /* Debug */,
				518EA6A61E3BD3A40072A87F /* Release */,
			);
			defaultConfigurationIsVisible = 0;
			defaultConfigurationName = Release;
		};
		518EA6A71E3BD3A40072A87F /* Build configuration list for PBXNativeTarget "Shiparoo" */ = {
			isa = XCConfigurationList;
			buildConfigurations = (
				518EA6A81E3BD3A40072A87F /* Debug */,
				518EA6A91E3BD3A40072A87F /* Release */,
			);
			defaultConfigurationIsVisible = 0;
		};
		518EA6AA1E3BD3A40072A87F /* Build configuration list for PBXNativeTarget "ShiparooTests" */ = {
			isa = XCConfigurationList;
			buildConfigurations = (
				518EA6AB1E3BD3A40072A87F /* Debug */,
				518EA6AC1E3BD3A40072A87F /* Release */,
			);
			defaultConfigurationIsVisible = 0;
		};
		518EA6AD1E3BD3A40072A87F /* Build configuration list for PBXNativeTarget "ShiparooUITests" */ = {
			isa = XCConfigurationList;
			buildConfigurations = (
				518EA6AE1E3BD3A40072A87F /* Debug */,
				518EA6AF1E3BD3A40072A87F /* Release */,
			);
			defaultConfigurationIsVisible = 0;
		};
/* End XCConfigurationList section */
	};
	rootObject = 518EA6751E3BD3A40072A87F /* Project object */;
}
